Microsoft Visual Studio Solution File, Format Version 12.00
# Visual Studio Version 17
VisualStudioVersion = 17.5.2.0
MinimumVisualStudioVersion = 10.0.40219.1
Project("{FAE04EC0-301F-11D3-BF4B-00C04F79EFBC}") = "AdventOfCode", "2025\AdventOfCode.csproj", "{D644D01A-365D-F070-29DF-0F2A7A128698}"
EndProject
Global
	GlobalSection(SolutionConfigurationPlatforms) = preSolution
		Debug|Any CPU = Debug|Any CPU
		Release|Any CPU = Release|Any CPU
	EndGlobalSection
	GlobalSection(ProjectConfigurationPlatforms) = postSolution
		{D644D01A-365D-F070-29DF-0F2A7A128698}.Debug|Any CPU.ActiveCfg = Debug|Any CPU
		{D644D01A-365D-F070-29DF-0F2A7A128698}.Debug|Any CPU.Build.0 = Debug|Any CPU
		{D644D01A-365D-F070-29DF-0F2A7A128698}.Release|Any CPU.ActiveCfg = Release|Any CPU
		{D644D01A-365D-F070-29DF-0F2A7A128698}.Release|Any CPU.Build.0 = Release|Any CPU
	EndGlobalSection
	GlobalSection(SolutionProperties) = preSolution
		HideSolutionNode = FALSE
	EndGlobalSection
	GlobalSection(ExtensibilityGlobals) = postSolution
		SolutionGuid = {E8D7C1D1-8098-450E-B2D9-C0AA5D08F4D8}
	EndGlobalSection
EndGlobal
